// !$*UTF8*$!
{
	archiveVersion = 1;
	classes = {
	};
	objectVersion = 56;
	objects = {

/* Begin PBXBuildFile section */
		EA9774212A522213006344B9 /* AppDelegate.swift in Sources */ = {isa = PBXBuildFile; fileRef = EA9774202A522213006344B9 /* AppDelegate.swift */; };
		EA9774232A522213006344B9 /* SceneDelegate.swift in Sources */ = {isa = PBXBuildFile; fileRef = EA9774222A522213006344B9 /* SceneDelegate.swift */; };
		EA9774252A522213006344B9 /* ViewController.swift in Sources */ = {isa = PBXBuildFile; fileRef = EA9774242A522213006344B9 /* ViewController.swift */; };
		EA9774282A522213006344B9 /* Main.storyboard in Resources */ = {isa = PBXBuildFile; fileRef = EA9774262A522213006344B9 /* Main.storyboard */; };
		EA97742A2A522214006344B9 /* Assets.xcassets in Resources */ = {isa = PBXBuildFile; fileRef = EA9774292A522214006344B9 /* Assets.xcassets */; };
		EA97742D2A522214006344B9 /* LaunchScreen.storyboard in Resources */ = {isa = PBXBuildFile; fileRef = EA97742B2A522214006344B9 /* LaunchScreen.storyboard */; };
		EA9774372A522436006344B9 /* Extensions.swift in Sources */ = {isa = PBXBuildFile; fileRef = EA9774362A522436006344B9 /* Extensions.swift */; };
		EA97743D2A52D2A9006344B9 /* GemClassifier_100_iter.mlmodel in Sources */ = {isa = PBXBuildFile; fileRef = EA97743C2A52D2A9006344B9 /* GemClassifier_100_iter.mlmodel */; };
		EA97743F2A561AB5006344B9 /* textFont in Resources */ = {isa = PBXBuildFile; fileRef = EA97743E2A561AB5006344B9 /* textFont */; };
/* End PBXBuildFile section */

/* Begin PBXFileReference section */
		EA97741D2A522213006344B9 /* GemID.app */ = {isa = PBXFileReference; explicitFileType = wrapper.application; includeInIndex = 0; path = GemID.app; sourceTree = BUILT_PRODUCTS_DIR; };
		EA9774202A522213006344B9 /* AppDelegate.swift */ = {isa = PBXFileReference; lastKnownFileType = sourcecode.swift; path = AppDelegate.swift; sourceTree = "<group>"; };
		EA9774222A522213006344B9 /* SceneDelegate.swift */ = {isa = PBXFileReference; lastKnownFileType = sourcecode.swift; path = SceneDelegate.swift; sourceTree = "<group>"; };
		EA9774242A522213006344B9 /* ViewController.swift */ = {isa = PBXFileReference; lastKnownFileType = sourcecode.swift; path = ViewController.swift; sourceTree = "<group>"; };
		EA9774272A522213006344B9 /* Base */ = {isa = PBXFileReference; lastKnownFileType = file.storyboard; name = Base; path = Base.lproj/Main.storyboard; sourceTree = "<group>"; };
		EA9774292A522214006344B9 /* Assets.xcassets */ = {isa = PBXFileReference; lastKnownFileType = folder.assetcatalog; path = Assets.xcassets; sourceTree = "<group>"; };
		EA97742C2A522214006344B9 /* Base */ = {isa = PBXFileReference; lastKnownFileType = file.storyboard; name = Base; path = Base.lproj/LaunchScreen.storyboard; sourceTree = "<group>"; };
		EA97742E2A522214006344B9 /* Info.plist */ = {isa = PBXFileReference; lastKnownFileType = text.plist.xml; path = Info.plist; sourceTree = "<group>"; };
		EA9774362A522436006344B9 /* Extensions.swift */ = {isa = PBXFileReference; lastKnownFileType = sourcecode.swift; path = Extensions.swift; sourceTree = "<group>"; };
		EA97743C2A52D2A9006344B9 /* GemClassifier_100_iter.mlmodel */ = {isa = PBXFileReference; lastKnownFileType = file.mlmodel; path = GemClassifier_100_iter.mlmodel; sourceTree = "<group>"; };
		EA97743E2A561AB5006344B9 /* textFont */ = {isa = PBXFileReference; lastKnownFileType = folder; path = textFont; sourceTree = "<group>"; };
		EACACF532A5FB05D003F65E9 /* README.md */ = {isa = PBXFileReference; lastKnownFileType = net.daringfireball.markdown; path = README.md; sourceTree = "<group>"; };
/* End PBXFileReference section */

/* Begin PBXFrameworksBuildPhase section */
		EA97741A2A522213006344B9 /* Frameworks */ = {
			isa = PBXFrameworksBuildPhase;
			buildActionMask = 2147483647;
			files = (
			);
			runOnlyForDeploymentPostprocessing = 0;
		};
/* End PBXFrameworksBuildPhase section */

/* Begin PBXGroup section */
		EA9774142A522213006344B9 = {
			isa = PBXGroup;
			children = (
				EA97741F2A522213006344B9 /* GemID */,
				EA97741E2A522213006344B9 /* Products */,
			);
			sourceTree = "<group>";
		};
		EA97741E2A522213006344B9 /* Products */ = {
			isa = PBXGroup;
			children = (
				EA97741D2A522213006344B9 /* GemID.app */,
			);
			name = Products;
			sourceTree = "<group>";
		};
		EA97741F2A522213006344B9 /* GemID */ = {
			isa = PBXGroup;
			children = (
				EA9774202A522213006344B9 /* AppDelegate.swift */,
				EA9774222A522213006344B9 /* SceneDelegate.swift */,
				EA9774242A522213006344B9 /* ViewController.swift */,
				EA9774262A522213006344B9 /* Main.storyboard */,
				EA9774292A522214006344B9 /* Assets.xcassets */,
				EA97742B2A522214006344B9 /* LaunchScreen.storyboard */,
				EA97742E2A522214006344B9 /* Info.plist */,
				EA9774362A522436006344B9 /* Extensions.swift */,
				EA97743C2A52D2A9006344B9 /* GemClassifier_100_iter.mlmodel */,
				EA97743E2A561AB5006344B9 /* textFont */,
				EACACF532A5FB05D003F65E9 /* README.md */,
			);
			path = GemID;
			sourceTree = "<group>";
		};
/* End PBXGroup section */

/* Begin PBXNativeTarget section */
		EA97741C2A522213006344B9 /* GemID */ = {
			isa = PBXNativeTarget;
			buildConfigurationList = EA9774312A522214006344B9 /* Build configuration list for PBXNativeTarget "GemID" */;
			buildPhases = (
				EA9774192A522213006344B9 /* Sources */,
				EA97741A2A522213006344B9 /* Frameworks */,
				EA97741B2A522213006344B9 /* Resources */,
			);
			buildRules = (
			);
			dependencies = (
			);
			name = GemID;
			productName = GemID;
			productReference = EA97741D2A522213006344B9 /* GemID.app */;
			productType = "com.apple.product-type.application";
		};
/* End PBXNativeTarget section */

/* Begin PBXProject section */
		EA9774152A522213006344B9 /* Project object */ = {
			isa = PBXProject;
			attributes = {
				BuildIndependentTargetsInParallel = 1;
				LastSwiftUpdateCheck = 1430;
				LastUpgradeCheck = 1430;
				TargetAttributes = {
					EA97741C2A522213006344B9 = {
						CreatedOnToolsVersion = 14.3.1;
					};
				};
			};
			buildConfigurationList = EA9774182A522213006344B9 /* Build configuration list for PBXProject "GemID" */;
			compatibilityVersion = "Xcode 14.0";
			developmentRegion = en;
			hasScannedForEncodings = 0;
			knownRegions = (
				en,
				Base,
			);
			mainGroup = EA9774142A522213006344B9;
			productRefGroup = EA97741E2A522213006344B9 /* Products */;
			projectDirPath = "";
			projectRoot = "";
			targets = (
				EA97741C2A522213006344B9 /* GemID */,
			);
		};
/* End PBXProject section */

/* Begin PBXResourcesBuildPhase section */
		EA97741B2A522213006344B9 /* Resources */ = {
			isa = PBXResourcesBuildPhase;
			buildActionMask = 2147483647;
			files = (
				EA97743F2A561AB5006344B9 /* textFont in Resources */,
				EA97742D2A522214006344B9 /* LaunchScreen.storyboard in Resources */,
				EA97742A2A522214006344B9 /* Assets.xcassets in Resources */,
				EA9774282A522213006344B9 /* Main.storyboard in Resources */,
			);
			runOnlyForDeploymentPostprocessing = 0;
		};
/* End PBXResourcesBuildPhase section */

/* Begin PBXSourcesBuildPhase section */
		EA9774192A522213006344B9 /* Sources */ = {
			isa = PBXSourcesBuildPhase;
			buildActionMask = 2147483647;
			files = (
				EA9774372A522436006344B9 /* Extensions.swift in Sources */,
				EA9774252A522213006344B9 /* ViewController.swift in Sources */,
				EA97743D2A52D2A9006344B9 /* GemClassifier_100_iter.mlmodel in Sources */,
				EA9774212A522213006344B9 /* AppDelegate.swift in Sources */,
				EA9774232A522213006344B9 /* SceneDelegate.swift in Sources */,
			);
			runOnlyForDeploymentPostprocessing = 0;
		};
/* End PBXSourcesBuildPhase section */

/* Begin PBXVariantGroup section */
		EA9774262A522213006344B9 /* Main.storyboard */ = {
			isa = PBXVariantGroup;
			children = (
				EA9774272A522213006344B9 /* Base */,
			);
			name = Main.storyboard;
			sourceTree = "<group>";
		};
		EA97742B2A522214006344B9 /* LaunchScreen.storyboard */ = {
			isa = PBXVariantGroup;
			children = (
				EA97742C2A522214006344B9 /* Base */,
			);
			name = LaunchScreen.storyboard;
			sourceTree = "<group>";
		};
/* End PBXVariantGroup section */

/* Begin XCBuildConfiguration section */
		EA97742F2A522214006344B9 /* Debug */ = {
			isa = XCBuildConfiguration;
			buildSettings = {
				ALWAYS_SEARCH_USER_PATHS = NO;
				CLANG_ANALYZER_NONNULL = YES;
				CLANG_ANALYZER_NUMBER_OBJECT_CONVERSION = YES_AGGRESSIVE;
				CLANG_CXX_LANGUAGE_STANDARD = "gnu++20";
				CLANG_ENABLE_MODULES = YES;
				CLANG_ENABLE_OBJC_ARC = YES;
				CLANG_ENABLE_OBJC_WEAK = YES;
				CLANG_WARN_BLOCK_CAPTURE_AUTORELEASING = YES;
				CLANG_WARN_BOOL_CONVERSION = YES;
				CLANG_WARN_COMMA = YES;
				CLANG_WARN_CONSTANT_CONVERSION = YES;
				CLANG_WARN_DEPRECATED_OBJC_IMPLEMENTATIONS = YES;
				CLANG_WARN_DIRECT_OBJC_ISA_USAGE = YES_ERROR;
				CLANG_WARN_DOCUMENTATION_COMMENTS = YES;
				CLANG_WARN_EMPTY_BODY = YES;
				CLANG_WARN_ENUM_CONVERSION = YES;
				CLANG_WARN_INFINITE_RECURSION = YES;
				CLANG_WARN_INT_CONVERSION = YES;
				CLANG_WARN_NON_LITERAL_NULL_CONVERSION = YES;
				CLANG_WARN_OBJC_IMPLICIT_RETAIN_SELF = YES;
				CLANG_WARN_OBJC_LITERAL_CONVERSION = YES;
				CLANG_WARN_OBJC_ROOT_CLASS = YES_ERROR;
				CLANG_WARN_QUOTED_INCLUDE_IN_FRAMEWORK_HEADER = YES;
				CLANG_WARN_RANGE_LOOP_ANALYSIS = YES;
				CLANG_WARN_STRICT_PROTOTYPES = YES;
				CLANG_WARN_SUSPICIOUS_MOVE = YES;
				CLANG_WARN_UNGUARDED_AVAILABILITY = YES_AGGRESSIVE;
				CLANG_WARN_UNREACHABLE_CODE = YES;
				CLANG_WARN__DUPLICATE_METHOD_MATCH = YES;
				COPY_PHASE_STRIP = NO;
				DEBUG_INFORMATION_FORMAT = dwarf;
				ENABLE_STRICT_OBJC_MSGSEND = YES;
				ENABLE_TESTABILITY = YES;
				GCC_C_LANGUAGE_STANDARD = gnu11;
				GCC_DYNAMIC_NO_PIC = NO;
				GCC_NO_COMMON_BLOCKS = YES;
				GCC_OPTIMIZATION_LEVEL = 0;
				GCC_PREPROCESSOR_DEFINITIONS = (
					"DEBUG=1",
					"$(inherited)",
				);
				GCC_WARN_64_TO_32_BIT_CONVERSION = YES;
				GCC_WARN_ABOUT_RETURN_TYPE = YES_ERROR;
				GCC_WARN_UNDECLARED_SELECTOR = YES;
				GCC_WARN_UNINITIALIZED_AUTOS = YES_AGGRESSIVE;
				GCC_WARN_UNUSED_FUNCTION = YES;
				GCC_WARN_UNUSED_VARIABLE = YES;
				IPHONEOS_DEPLOYMENT_TARGET = 16.4;
				MTL_ENABLE_DEBUG_INFO = INCLUDE_SOURCE;
				MTL_FAST_MATH = YES;
				ONLY_ACTIVE_ARCH = YES;
				SDKROOT = iphoneos;
				SWIFT_ACTIVE_COMPILATION_CONDITIONS = DEBUG;
				SWIFT_OPTIMIZATION_LEVEL = "-Onone";
			};
			name = Debug;
		};
		EA9774302A522214006344B9 /* Release */ = {
			isa = XCBuildConfiguration;
			buildSettings = {
				ALWAYS_SEARCH_USER_PATHS = NO;
				CLANG_ANALYZER_NONNULL = YES;
				CLANG_ANALYZER_NUMBER_OBJECT_CONVERSION = YES_AGGRESSIVE;
				CLANG_CXX_LANGUAGE_STANDARD = "gnu++20";
				CLANG_ENABLE_MODULES = YES;
				CLANG_ENABLE_OBJC_ARC = YES;
				CLANG_ENABLE_OBJC_WEAK = YES;
				CLANG_WARN_BLOCK_CAPTURE_AUTORELEASING = YES;
				CLANG_WARN_BOOL_CONVERSION = YES;
				CLANG_WARN_COMMA = YES;
				CLANG_WARN_CONSTANT_CONVERSION = YES;
				CLANG_WARN_DEPRECATED_OBJC_IMPLEMENTATIONS = YES;
				CLANG_WARN_DIRECT_OBJC_ISA_USAGE = YES_ERROR;
				CLANG_WARN_DOCUMENTATION_COMMENTS = YES;
				CLANG_WARN_EMPTY_BODY = YES;
				CLANG_WARN_ENUM_CONVERSION = YES;
				CLANG_WARN_INFINITE_RECURSION = YES;
				CLANG_WARN_INT_CONVERSION = YES;
				CLANG_WARN_NON_LITERAL_NULL_CONVERSION = YES;
				CLANG_WARN_OBJC_IMPLICIT_RETAIN_SELF = YES;
				CLANG_WARN_OBJC_LITERAL_CONVERSION = YES;
				CLANG_WARN_OBJC_ROOT_CLASS = YES_ERROR;
				CLANG_WARN_QUOTED_INCLUDE_IN_FRAMEWORK_HEADER = YES;
				CLANG_WARN_RANGE_LOOP_ANALYSIS = YES;
				CLANG_WARN_STRICT_PROTOTYPES = YES;
				CLANG_WARN_SUSPICIOUS_MOVE = YES;
				CLANG_WARN_UNGUARDED_AVAILABILITY = YES_AGGRESSIVE;
				CLANG_WARN_UNREACHABLE_CODE = YES;
				CLANG_WARN__DUPLICATE_METHOD_MATCH = YES;
				COPY_PHASE_STRIP = NO;
				DEBUG_INFORMATION_FORMAT = "dwarf-with-dsym";
				ENABLE_NS_ASSERTIONS = NO;
				ENABLE_STRICT_OBJC_MSGSEND = YES;
				GCC_C_LANGUAGE_STANDARD = gnu11;
				GCC_NO_COMMON_BLOCKS = YES;
				GCC_WARN_64_TO_32_BIT_CONVERSION = YES;
				GCC_WARN_ABOUT_RETURN_TYPE = YES_ERROR;
				GCC_WARN_UNDECLARED_SELECTOR = YES;
				GCC_WARN_UNINITIALIZED_AUTOS = YES_AGGRESSIVE;
				GCC_WARN_UNUSED_FUNCTION = YES;
				GCC_WARN_UNUSED_VARIABLE = YES;
				IPHONEOS_DEPLOYMENT_TARGET = 16.4;
				MTL_ENABLE_DEBUG_INFO = NO;
				MTL_FAST_MATH = YES;
				SDKROOT = iphoneos;
				SWIFT_COMPILATION_MODE = wholemodule;
				SWIFT_OPTIMIZATION_LEVEL = "-O";
				VALIDATE_PRODUCT = YES;
			};
			name = Release;
		};
		EA9774322A522214006344B9 /* Debug */ = {
			isa = XCBuildConfiguration;
			buildSettings = {
				ASSETCATALOG_COMPILER_APPICON_NAME = AppIcon;
				ASSETCATALOG_COMPILER_GLOBAL_ACCENT_COLOR_NAME = AccentColor;
				CODE_SIGN_STYLE = Automatic;
				CURRENT_PROJECT_VERSION = 1;
				DEVELOPMENT_TEAM = 7K6YQE5HG3;
				GENERATE_INFOPLIST_FILE = YES;
				INFOPLIST_FILE = GemID/Info.plist;
				INFOPLIST_KEY_NSCameraUsageDescription = "Allow camera to take photos of your gems.";
				INFOPLIST_KEY_UIApplicationSupportsIndirectInputEvents = YES;
				INFOPLIST_KEY_UILaunchStoryboardName = LaunchScreen;
				INFOPLIST_KEY_UIMainStoryboardFile = Main;
				INFOPLIST_KEY_UISupportedInterfaceOrientations_iPad = "UIInterfaceOrientationPortrait UIInterfaceOrientationPortraitUpsideDown";
				INFOPLIST_KEY_UISupportedInterfaceOrientations_iPhone = UIInterfaceOrientationPortrait;
				LD_RUNPATH_SEARCH_PATHS = (
					"$(inherited)",
					"@executable_path/Frameworks",
				);
				MARKETING_VERSION = 1.0;
				PRODUCT_BUNDLE_IDENTIFIER = Personal.GemID;
				PRODUCT_NAME = "$(TARGET_NAME)";
				SWIFT_EMIT_LOC_STRINGS = YES;
				SWIFT_VERSION = 5.0;
				TARGETED_DEVICE_FAMILY = "1,2";
			};
			name = Debug;
		};
		EA9774332A522214006344B9 /* Release */ = {
			isa = XCBuildConfiguration;
			buildSettings = {
				ASSETCATALOG_COMPILER_APPICON_NAME = AppIcon;
				ASSETCATALOG_COMPILER_GLOBAL_ACCENT_COLOR_NAME = AccentColor;
				CODE_SIGN_STYLE = Automatic;
				CURRENT_PROJECT_VERSION = 1;
				DEVELOPMENT_TEAM = 7K6YQE5HG3;
				GENERATE_INFOPLIST_FILE = YES;
				INFOPLIST_FILE = GemID/Info.plist;
				INFOPLIST_KEY_NSCameraUsageDescription = "Allow camera to take photos of your gems.";
				INFOPLIST_KEY_UIApplicationSupportsIndirectInputEvents = YES;
				INFOPLIST_KEY_UILaunchStoryboardName = LaunchScreen;
				INFOPLIST_KEY_UIMainStoryboardFile = Main;
				INFOPLIST_KEY_UISupportedInterfaceOrientations_iPad = "UIInterfaceOrientationPortrait UIInterfaceOrientationPortraitUpsideDown";
				INFOPLIST_KEY_UISupportedInterfaceOrientations_iPhone = UIInterfaceOrientationPortrait;
				LD_RUNPATH_SEARCH_PATHS = (
					"$(inherited)",
					"@executable_path/Frameworks",
				);
				MARKETING_VERSION = 1.0;
				PRODUCT_BUNDLE_IDENTIFIER = Personal.GemID;
				PRODUCT_NAME = "$(TARGET_NAME)";
				SWIFT_EMIT_LOC_STRINGS = YES;
				SWIFT_VERSION = 5.0;
				TARGETED_DEVICE_FAMILY = "1,2";
			};
			name = Release;
		};
/* End XCBuildConfiguration section */

/* Begin XCConfigurationList section */
		EA9774182A522213006344B9 /* Build configuration list for PBXProject "GemID" */ = {
			isa = XCConfigurationList;
			buildConfigurations = (
				EA97742F2A522214006344B9 /* Debug */,
				EA9774302A522214006344B9 /* Release */,
			);
			defaultConfigurationIsVisible = 0;
			defaultConfigurationName = Release;
		};
		EA9774312A522214006344B9 /* Build configuration list for PBXNativeTarget "GemID" */ = {
			isa = XCConfigurationList;
			buildConfigurations = (
				EA9774322A522214006344B9 /* Debug */,
				EA9774332A522214006344B9 /* Release */,
			);
			defaultConfigurationIsVisible = 0;
			defaultConfigurationName = Release;
		};
/* End XCConfigurationList section */
	};
	rootObject = EA9774152A522213006344B9 /* Project object */;
}
